
Microsoft Visual Studio Solution File, Format Version 12.00
# Visual Studio 14
VisualStudioVersion = 14.0.25420.1
MinimumVisualStudioVersion = 10.0.40219.1
Project("{FAE04EC0-301F-11D3-BF4B-00C04F79EFBC}") = "XFListView.Droid", "XFListView\XFListView.Droid\XFListView.Droid.csproj", "{57F4853E-FFEA-4013-BC13-A54F31B136BE}"
EndProject
Project("{FAE04EC0-301F-11D3-BF4B-00C04F79EFBC}") = "XFListView", "XFListView\XFListView\XFListView.csproj", "{5AB05A8E-2C16-4B46-864C-AB07CBC22513}"
EndProject
Global
	GlobalSection(SolutionConfigurationPlatforms) = preSolution
		Ad-Hoc|Any CPU = Ad-Hoc|Any CPU
		Ad-Hoc|ARM = Ad-Hoc|ARM
		Ad-Hoc|iPhone = Ad-Hoc|iPhone
		Ad-Hoc|iPhoneSimulator = Ad-Hoc|iPhoneSimulator
		Ad-Hoc|x64 = Ad-Hoc|x64
		Ad-Hoc|x86 = Ad-Hoc|x86
		AppStore|Any CPU = AppStore|Any CPU
		AppStore|ARM = AppStore|ARM
		AppStore|iPhone = AppStore|iPhone
		AppStore|iPhoneSimulator = AppStore|iPhoneSimulator
		AppStore|x64 = AppStore|x64
		AppStore|x86 = AppStore|x86
		Debug|Any CPU = Debug|Any CPU
		Debug|ARM = Debug|ARM
		Debug|iPhone = Debug|iPhone
		Debug|iPhoneSimulator = Debug|iPhoneSimulator
		Debug|x64 = Debug|x64
		Debug|x86 = Debug|x86
		Release|Any CPU = Release|Any CPU
		Release|ARM = Release|ARM
		Release|iPhone = Release|iPhone
		Release|iPhoneSimulator = Release|iPhoneSimulator
		Release|x64 = Release|x64
		Release|x86 = Release|x86
	EndGlobalSection
	GlobalSection(ProjectConfigurationPlatforms) = postSolution
		{57F4853E-FFEA-4013-BC13-A54F31B136BE}.Ad-Hoc|Any CPU.ActiveCfg = Release|Any CPU
		{57F4853E-FFEA-4013-BC13-A54F31B136BE}.Ad-Hoc|Any CPU.Build.0 = Release|Any CPU
		{57F4853E-FFEA-4013-BC13-A54F31B136BE}.Ad-Hoc|Any CPU.Deploy.0 = Release|Any CPU
		{57F4853E-FFEA-4013-BC13-A54F31B136BE}.Ad-Hoc|ARM.ActiveCfg = Release|Any CPU
		{57F4853E-FFEA-4013-BC13-A54F31B136BE}.Ad-Hoc|ARM.Build.0 = Release|Any CPU
		{57F4853E-FFEA-4013-BC13-A54F31B136BE}.Ad-Hoc|ARM.Deploy.0 = Release|Any CPU
		{57F4853E-FFEA-4013-BC13-A54F31B136BE}.Ad-Hoc|iPhone.ActiveCfg = Release|Any CPU
		{57F4853E-FFEA-4013-BC13-A54F31B136BE}.Ad-Hoc|iPhone.Build.0 = Release|Any CPU
		{57F4853E-FFEA-4013-BC13-A54F31B136BE}.Ad-Hoc|iPhone.Deploy.0 = Release|Any CPU
		{57F4853E-FFEA-4013-BC13-A54F31B136BE}.Ad-Hoc|iPhoneSimulator.ActiveCfg = Release|Any CPU
		{57F4853E-FFEA-4013-BC13-A54F31B136BE}.Ad-Hoc|iPhoneSimulator.Build.0 = Release|Any CPU
		{57F4853E-FFEA-4013-BC13-A54F31B136BE}.Ad-Hoc|iPhoneSimulator.Deploy.0 = Release|Any CPU
		{57F4853E-FFEA-4013-BC13-A54F31B136BE}.Ad-Hoc|x64.ActiveCfg = Release|Any CPU
		{57F4853E-FFEA-4013-BC13-A54F31B136BE}.Ad-Hoc|x64.Build.0 = Release|Any CPU
		{57F4853E-FFEA-4013-BC13-A54F31B136BE}.Ad-Hoc|x64.Deploy.0 = Release|Any CPU
		{57F4853E-FFEA-4013-BC13-A54F31B136BE}.Ad-Hoc|x86.ActiveCfg = Release|Any CPU
		{57F4853E-FFEA-4013-BC13-A54F31B136BE}.Ad-Hoc|x86.Build.0 = Release|Any CPU
		{57F4853E-FFEA-4013-BC13-A54F31B136BE}.Ad-Hoc|x86.Deploy.0 = Release|Any CPU
		{57F4853E-FFEA-4013-BC13-A54F31B136BE}.AppStore|Any CPU.ActiveCfg = Release|Any CPU
		{57F4853E-FFEA-4013-BC13-A54F31B136BE}.AppStore|Any CPU.Build.0 = Release|Any CPU
		{57F4853E-FFEA-4013-BC13-A54F31B136BE}.AppStore|Any CPU.Deploy.0 = Release|Any CPU
		{57F4853E-FFEA-4013-BC13-A54F31B136BE}.AppStore|ARM.ActiveCfg = Release|Any CPU
		{57F4853E-FFEA-4013-BC13-A54F31B136BE}.AppStore|ARM.Build.0 = Release|Any CPU
		{57F4853E-FFEA-4013-BC13-A54F31B136BE}.AppStore|ARM.Deploy.0 = Release|Any CPU
		{57F4853E-FFEA-4013-BC13-A54F31B136BE}.AppStore|iPhone.ActiveCfg = Release|Any CPU
		{57F4853E-FFEA-4013-BC13-A54F31B136BE}.AppStore|iPhone.Build.0 = Release|Any CPU
		{57F4853E-FFEA-4013-BC13-A54F31B136BE}.AppStore|iPhone.Deploy.0 = Release|Any CPU
		{57F4853E-FFEA-4013-BC13-A54F31B136BE}.AppStore|iPhoneSimulator.ActiveCfg = Release|Any CPU
		{57F4853E-FFEA-4013-BC13-A54F31B136BE}.AppStore|iPhoneSimulator.Build.0 = Release|Any CPU
		{57F4853E-FFEA-4013-BC13-A54F31B136BE}.AppStore|iPhoneSimulator.Deploy.0 = Release|Any CPU
		{57F4853E-FFEA-4013-BC13-A54F31B136BE}.AppStore|x64.ActiveCfg = Release|Any CPU
		{57F4853E-FFEA-4013-BC13-A54F31B136BE}.AppStore|x64.Build.0 = Release|Any CPU
		{57F4853E-FFEA-4013-BC13-A54F31B136BE}.AppStore|x64.Deploy.0 = Release|Any CPU
		{57F4853E-FFEA-4013-BC13-A54F31B136BE}.AppStore|x86.ActiveCfg = Release|Any CPU
		{57F4853E-FFEA-4013-BC13-A54F31B136BE}.AppStore|x86.Build.0 = Release|Any CPU
		{57F4853E-FFEA-4013-BC13-A54F31B136BE}.AppStore|x86.Deploy.0 = Release|Any CPU
		{57F4853E-FFEA-4013-BC13-A54F31B136BE}.Debug|Any CPU.ActiveCfg = Debug|Any CPU
		{57F4853E-FFEA-4013-BC13-A54F31B136BE}.Debug|Any CPU.Build.0 = Debug|Any CPU
		{57F4853E-FFEA-4013-BC13-A54F31B136BE}.Debug|Any CPU.Deploy.0 = Debug|Any CPU
		{57F4853E-FFEA-4013-BC13-A54F31B136BE}.Debug|ARM.ActiveCfg = Debug|Any CPU
		{57F4853E-FFEA-4013-BC13-A54F31B136BE}.Debug|ARM.Build.0 = Debug|Any CPU
		{57F4853E-FFEA-4013-BC13-A54F31B136BE}.Debug|ARM.Deploy.0 = Debug|Any CPU
		{57F4853E-FFEA-4013-BC13-A54F31B136BE}.Debug|iPhone.ActiveCfg = Debug|Any CPU
		{57F4853E-FFEA-4013-BC13-A54F31B136BE}.Debug|iPhone.Build.0 = Debug|Any CPU
		{57F4853E-FFEA-4013-BC13-A54F31B136BE}.Debug|iPhone.Deploy.0 = Debug|Any CPU
		{57F4853E-FFEA-4013-BC13-A54F31B136BE}.Debug|iPhoneSimulator.ActiveCfg = Debug|Any CPU
		{57F4853E-FFEA-4013-BC13-A54F31B136BE}.Debug|iPhoneSimulator.Build.0 = Debug|Any CPU
		{57F4853E-FFEA-4013-BC13-A54F31B136BE}.Debug|iPhoneSimulator.Deploy.0 = Debug|Any CPU
		{57F4853E-FFEA-4013-BC13-A54F31B136BE}.Debug|x64.ActiveCfg = Debug|Any CPU
		{57F4853E-FFEA-4013-BC13-A54F31B136BE}.Debug|x64.Build.0 = Debug|Any CPU
		{57F4853E-FFEA-4013-BC13-A54F31B136BE}.Debug|x64.Deploy.0 = Debug|Any CPU
		{57F4853E-FFEA-4013-BC13-A54F31B136BE}.Debug|x86.ActiveCfg = Debug|Any CPU
		{57F4853E-FFEA-4013-BC13-A54F31B136BE}.Debug|x86.Build.0 = Debug|Any CPU
		{57F4853E-FFEA-4013-BC13-A54F31B136BE}.Debug|x86.Deploy.0 = Debug|Any CPU
		{57F4853E-FFEA-4013-BC13-A54F31B136BE}.Release|Any CPU.ActiveCfg = Release|Any CPU
		{57F4853E-FFEA-4013-BC13-A54F31B136BE}.Release|Any CPU.Build.0 = Release|Any CPU
		{57F4853E-FFEA-4013-BC13-A54F31B136BE}.Release|Any CPU.Deploy.0 = Release|Any CPU
		{57F4853E-FFEA-4013-BC13-A54F31B136BE}.Release|ARM.ActiveCfg = Release|Any CPU
		{57F4853E-FFEA-4013-BC13-A54F31B136BE}.Release|ARM.Build.0 = Release|Any CPU
		{57F4853E-FFEA-4013-BC13-A54F31B136BE}.Release|ARM.Deploy.0 = Release|Any CPU
		{57F4853E-FFEA-4013-BC13-A54F31B136BE}.Release|iPhone.ActiveCfg = Release|Any CPU
		{57F4853E-FFEA-4013-BC13-A54F31B136BE}.Release|iPhone.Build.0 = Release|Any CPU
		{57F4853E-FFEA-4013-BC13-A54F31B136BE}.Release|iPhone.Deploy.0 = Release|Any CPU
		{57F4853E-FFEA-4013-BC13-A54F31B136BE}.Release|iPhoneSimulator.ActiveCfg = Release|Any CPU
		{57F4853E-FFEA-4013-BC13-A54F31B136BE}.Release|iPhoneSimulator.Build.0 = Release|Any CPU
		{57F4853E-FFEA-4013-BC13-A54F31B136BE}.Release|iPhoneSimulator.Deploy.0 = Release|Any CPU
		{57F4853E-FFEA-4013-BC13-A54F31B136BE}.Release|x64.ActiveCfg = Release|Any CPU
		{57F4853E-FFEA-4013-BC13-A54F31B136BE}.Release|x64.Build.0 = Release|Any CPU
		{57F4853E-FFEA-4013-BC13-A54F31B136BE}.Release|x64.Deploy.0 = Release|Any CPU
		{57F4853E-FFEA-4013-BC13-A54F31B136BE}.Release|x86.ActiveCfg = Release|Any CPU
		{57F4853E-FFEA-4013-BC13-A54F31B136BE}.Release|x86.Build.0 = Release|Any CPU
		{57F4853E-FFEA-4013-BC13-A54F31B136BE}.Release|x86.Deploy.0 = Release|Any CPU
		{5AB05A8E-2C16-4B46-864C-AB07CBC22513}.Ad-Hoc|Any CPU.ActiveCfg = Release|Any CPU
		{5AB05A8E-2C16-4B46-864C-AB07CBC22513}.Ad-Hoc|Any CPU.Build.0 = Release|Any CPU
		{5AB05A8E-2C16-4B46-864C-AB07CBC22513}.Ad-Hoc|ARM.ActiveCfg = Release|Any CPU
		{5AB05A8E-2C16-4B46-864C-AB07CBC22513}.Ad-Hoc|ARM.Build.0 = Release|Any CPU
		{5AB05A8E-2C16-4B46-864C-AB07CBC22513}.Ad-Hoc|iPhone.ActiveCfg = Release|Any CPU
		{5AB05A8E-2C16-4B46-864C-AB07CBC22513}.Ad-Hoc|iPhone.Build.0 = Release|Any CPU
		{5AB05A8E-2C16-4B46-864C-AB07CBC22513}.Ad-Hoc|iPhoneSimulator.ActiveCfg = Release|Any CPU
		{5AB05A8E-2C16-4B46-864C-AB07CBC22513}.Ad-Hoc|iPhoneSimulator.Build.0 = Release|Any CPU
		{5AB05A8E-2C16-4B46-864C-AB07CBC22513}.Ad-Hoc|x64.ActiveCfg = Release|Any CPU
		{5AB05A8E-2C16-4B46-864C-AB07CBC22513}.Ad-Hoc|x64.Build.0 = Release|Any CPU
		{5AB05A8E-2C16-4B46-864C-AB07CBC22513}.Ad-Hoc|x86.ActiveCfg = Release|Any CPU
		{5AB05A8E-2C16-4B46-864C-AB07CBC22513}.Ad-Hoc|x86.Build.0 = Release|Any CPU
		{5AB05A8E-2C16-4B46-864C-AB07CBC22513}.AppStore|Any CPU.ActiveCfg = Release|Any CPU
		{5AB05A8E-2C16-4B46-864C-AB07CBC22513}.AppStore|Any CPU.Build.0 = Release|Any CPU
		{5AB05A8E-2C16-4B46-864C-AB07CBC22513}.AppStore|ARM.ActiveCfg = Release|Any CPU
		{5AB05A8E-2C16-4B46-864C-AB07CBC22513}.AppStore|ARM.Build.0 = Release|Any CPU
		{5AB05A8E-2C16-4B46-864C-AB07CBC22513}.AppStore|iPhone.ActiveCfg = Release|Any CPU
		{5AB05A8E-2C16-4B46-864C-AB07CBC22513}.AppStore|iPhone.Build.0 = Release|Any CPU
		{5AB05A8E-2C16-4B46-864C-AB07CBC22513}.AppStore|iPhoneSimulator.ActiveCfg = Release|Any CPU
		{5AB05A8E-2C16-4B46-864C-AB07CBC22513}.AppStore|iPhoneSimulator.Build.0 = Release|Any CPU
		{5AB05A8E-2C16-4B46-864C-AB07CBC22513}.AppStore|x64.ActiveCfg = Release|Any CPU
		{5AB05A8E-2C16-4B46-864C-AB07CBC22513}.AppStore|x64.Build.0 = Release|Any CPU
		{5AB05A8E-2C16-4B46-864C-AB07CBC22513}.AppStore|x86.ActiveCfg = Release|Any CPU
		{5AB05A8E-2C16-4B46-864C-AB07CBC22513}.AppStore|x86.Build.0 = Release|Any CPU
		{5AB05A8E-2C16-4B46-864C-AB07CBC22513}.Debug|Any CPU.ActiveCfg = Debug|Any CPU
		{5AB05A8E-2C16-4B46-864C-AB07CBC22513}.Debug|Any CPU.Build.0 = Debug|Any CPU
		{5AB05A8E-2C16-4B46-864C-AB07CBC22513}.Debug|ARM.ActiveCfg = Debug|Any CPU
		{5AB05A8E-2C16-4B46-864C-AB07CBC22513}.Debug|ARM.Build.0 = Debug|Any CPU
		{5AB05A8E-2C16-4B46-864C-AB07CBC22513}.Debug|iPhone.ActiveCfg = Debug|Any CPU
		{5AB05A8E-2C16-4B46-864C-AB07CBC22513}.Debug|iPhone.Build.0 = Debug|Any CPU
		{5AB05A8E-2C16-4B46-864C-AB07CBC22513}.Debug|iPhoneSimulator.ActiveCfg = Debug|Any CPU
		{5AB05A8E-2C16-4B46-864C-AB07CBC22513}.Debug|iPhoneSimulator.Build.0 = Debug|Any CPU
		{5AB05A8E-2C16-4B46-864C-AB07CBC22513}.Debug|x64.ActiveCfg = Debug|Any CPU
		{5AB05A8E-2C16-4B46-864C-AB07CBC22513}.Debug|x64.Build.0 = Debug|Any CPU
		{5AB05A8E-2C16-4B46-864C-AB07CBC22513}.Debug|x86.ActiveCfg = Debug|Any CPU
		{5AB05A8E-2C16-4B46-864C-AB07CBC22513}.Debug|x86.Build.0 = Debug|Any CPU
		{5AB05A8E-2C16-4B46-864C-AB07CBC22513}.Release|Any CPU.ActiveCfg = Release|Any CPU
		{5AB05A8E-2C16-4B46-864C-AB07CBC22513}.Release|Any CPU.Build.0 = Release|Any CPU
		{5AB05A8E-2C16-4B46-864C-AB07CBC22513}.Release|ARM.ActiveCfg = Release|Any CPU
		{5AB05A8E-2C16-4B46-864C-AB07CBC22513}.Release|ARM.Build.0 = Release|Any CPU
		{5AB05A8E-2C16-4B46-864C-AB07CBC22513}.Release|iPhone.ActiveCfg = Release|Any CPU
		{5AB05A8E-2C16-4B46-864C-AB07CBC22513}.Release|iPhone.Build.0 = Release|Any CPU
		{5AB05A8E-2C16-4B46-864C-AB07CBC22513}.Release|iPhoneSimulator.ActiveCfg = Release|Any CPU
		{5AB05A8E-2C16-4B46-864C-AB07CBC22513}.Release|iPhoneSimulator.Build.0 = Release|Any CPU
		{5AB05A8E-2C16-4B46-864C-AB07CBC22513}.Release|x64.ActiveCfg = Release|Any CPU
		{5AB05A8E-2C16-4B46-864C-AB07CBC22513}.Release|x64.Build.0 = Release|Any CPU
		{5AB05A8E-2C16-4B46-864C-AB07CBC22513}.Release|x86.ActiveCfg = Release|Any CPU
		{5AB05A8E-2C16-4B46-864C-AB07CBC22513}.Release|x86.Build.0 = Release|Any CPU
	EndGlobalSection
	GlobalSection(SolutionProperties) = preSolution
		HideSolutionNode = FALSE
	EndGlobalSection
EndGlobal
